# This file is automatically @generated by Cargo.
# It is not intended for manual editing.
version = 4

[[package]]
name = "capsules-core"
version = "0.2.3-dev"
dependencies = [
 "enum_primitive",
 "kernel",
 "tickv",
]

[[package]]
name = "capsules-extra"
version = "0.2.3-dev"
dependencies = [
 "capsules-core",
 "enum_primitive",
 "kernel",
 "tickv",
]

[[package]]
name = "capsules-system"
version = "0.2.3-dev"
dependencies = [
 "kernel",
 "tock-tbf",
]

[[package]]
name = "components"
version = "0.2.3-dev"
dependencies = [
 "capsules-core",
 "capsules-extra",
 "capsules-system",
 "kernel",
 "segger",
 "tock-tbf",
]

[[package]]
name = "cortexm"
version = "0.2.3-dev"
dependencies = [
 "kernel",
]

[[package]]
name = "cortexm4"
version = "0.2.3-dev"
dependencies = [
 "cortexm",
 "cortexv7m",
 "kernel",
]

[[package]]
name = "cortexv7m"
version = "0.2.3-dev"
dependencies = [
 "kernel",
]

[[package]]
name = "enum_primitive"
version = "0.1.0"

[[package]]
name = "kernel"
version = "0.2.3-dev"
dependencies = [
 "tock-cells",
 "tock-registers",
 "tock-tbf",
]

[[package]]
name = "riscv-csr"
version = "0.1.0"
dependencies = [
 "tock-registers",
]

[[package]]
name = "seeed_studio_lora_e5_mini"
version = "0.2.3-dev"
dependencies = [
 "capsules-core",
 "capsules-extra",
 "capsules-system",
 "components",
 "cortexm4",
 "kernel",
 "stm32wle5jc",
 "tock_build_scripts",
]

[[package]]
name = "segger"
version = "0.2.3-dev"
dependencies = [
 "kernel",
]

[[package]]
name = "stm32wle5jc"
version = "0.2.3-dev"
dependencies = [
 "cortexm4",
 "enum_primitive",
 "kernel",
 "stm32wle5xx",
]

[[package]]
name = "stm32wle5xx"
version = "0.2.3-dev"
dependencies = [
 "cortexm4",
 "enum_primitive",
 "kernel",
]

[[package]]
name = "tickv"
version = "2.0.0"

[[package]]
name = "tock-cells"
version = "0.1.0"

[[package]]
name = "tock-registers"
version = "0.10.0"
source = "registry+https://github.com/rust-lang/crates.io-index"
checksum = "b0293f99756f16ff352cc78c99673766a305bdb5ed7652e78df649e9967c885a"

[[package]]
name = "tock-tbf"
version = "0.1.0"

[[package]]
name = "tock_build_scripts"
version = "0.2.3-dev"
